
Microsoft Visual Studio Solution File, Format Version 12.00
# Visual Studio Version 17
VisualStudioVersion = 17.10.35013.160
MinimumVisualStudioVersion = 10.0.40219.1
Project("{FAE04EC0-301F-11D3-BF4B-00C04F79EFBC}") = "Ejercicio POO", "Ejercicio POO\Ejercicio POO.csproj", "{CCEE302A-7DA0-4FFD-8340-BF461CE82EC9}"
EndProject
Global
	GlobalSection(SolutionConfigurationPlatforms) = preSolution
		Debug|Any CPU = Debug|Any CPU
		Release|Any CPU = Release|Any CPU
	EndGlobalSection
	GlobalSection(ProjectConfigurationPlatforms) = postSolution
		{CCEE302A-7DA0-4FFD-8340-BF461CE82EC9}.Debug|Any CPU.ActiveCfg = Debug|Any CPU
		{CCEE302A-7DA0-4FFD-8340-BF461CE82EC9}.Debug|Any CPU.Build.0 = Debug|Any CPU
		{CCEE302A-7DA0-4FFD-8340-BF461CE82EC9}.Release|Any CPU.ActiveCfg = Release|Any CPU
		{CCEE302A-7DA0-4FFD-8340-BF461CE82EC9}.Release|Any CPU.Build.0 = Release|Any CPU
	EndGlobalSection
	GlobalSection(SolutionProperties) = preSolution
		HideSolutionNode = FALSE
	EndGlobalSection
	GlobalSection(ExtensibilityGlobals) = postSolution
		SolutionGuid = {0BC56988-6136-453F-B339-7B96133884A7}
	EndGlobalSection
EndGlobal
